
Microsoft Visual Studio Solution File, Format Version 12.00
# Visual Studio 14
VisualStudioVersion = 14.0.24720.0
MinimumVisualStudioVersion = 10.0.40219.1
Project("{FAE04EC0-301F-11D3-BF4B-00C04F79EFBC}") = "Lab 2", "Lab 2\Lab 2.csproj", "{2FA56E97-281F-41B9-87C0-B311C0F64386}"
EndProject
Project("{FAE04EC0-301F-11D3-BF4B-00C04F79EFBC}") = "Lab 3", "Lab 3\Lab 3.csproj", "{2ECD2B71-3C57-4850-9FE8-E105FEAD981E}"
EndProject
Project("{FAE04EC0-301F-11D3-BF4B-00C04F79EFBC}") = "Lab 4", "Lab 4\Lab 4.csproj", "{8C92AB13-CDC5-4615-A331-5593ABAB7B5E}"
EndProject
Project("{FAE04EC0-301F-11D3-BF4B-00C04F79EFBC}") = "Lab 1", "Lab 1\Lab 1.csproj", "{9726D373-1DA0-4F1B-943B-035CDA000E7B}"
EndProject
Project("{FAE04EC0-301F-11D3-BF4B-00C04F79EFBC}") = "Lab 2 V2", "Lab 2 V2\Lab 2 V2.csproj", "{EF955C18-02FC-409F-B51A-A05FAD822047}"
EndProject
Global
	GlobalSection(SolutionConfigurationPlatforms) = preSolution
		Debug|Any CPU = Debug|Any CPU
		Release|Any CPU = Release|Any CPU
	EndGlobalSection
	GlobalSection(ProjectConfigurationPlatforms) = postSolution
		{2FA56E97-281F-41B9-87C0-B311C0F64386}.Debug|Any CPU.ActiveCfg = Debug|Any CPU
		{2FA56E97-281F-41B9-87C0-B311C0F64386}.Debug|Any CPU.Build.0 = Debug|Any CPU
		{2FA56E97-281F-41B9-87C0-B311C0F64386}.Release|Any CPU.ActiveCfg = Release|Any CPU
		{2FA56E97-281F-41B9-87C0-B311C0F64386}.Release|Any CPU.Build.0 = Release|Any CPU
		{2ECD2B71-3C57-4850-9FE8-E105FEAD981E}.Debug|Any CPU.ActiveCfg = Debug|Any CPU
		{2ECD2B71-3C57-4850-9FE8-E105FEAD981E}.Debug|Any CPU.Build.0 = Debug|Any CPU
		{2ECD2B71-3C57-4850-9FE8-E105FEAD981E}.Release|Any CPU.ActiveCfg = Release|Any CPU
		{2ECD2B71-3C57-4850-9FE8-E105FEAD981E}.Release|Any CPU.Build.0 = Release|Any CPU
		{8C92AB13-CDC5-4615-A331-5593ABAB7B5E}.Debug|Any CPU.ActiveCfg = Debug|Any CPU
		{8C92AB13-CDC5-4615-A331-5593ABAB7B5E}.Debug|Any CPU.Build.0 = Debug|Any CPU
		{8C92AB13-CDC5-4615-A331-5593ABAB7B5E}.Release|Any CPU.ActiveCfg = Release|Any CPU
		{8C92AB13-CDC5-4615-A331-5593ABAB7B5E}.Release|Any CPU.Build.0 = Release|Any CPU
		{9726D373-1DA0-4F1B-943B-035CDA000E7B}.Debug|Any CPU.ActiveCfg = Debug|Any CPU
		{9726D373-1DA0-4F1B-943B-035CDA000E7B}.Debug|Any CPU.Build.0 = Debug|Any CPU
		{9726D373-1DA0-4F1B-943B-035CDA000E7B}.Release|Any CPU.ActiveCfg = Release|Any CPU
		{9726D373-1DA0-4F1B-943B-035CDA000E7B}.Release|Any CPU.Build.0 = Release|Any CPU
		{EF955C18-02FC-409F-B51A-A05FAD822047}.Debug|Any CPU.ActiveCfg = Debug|Any CPU
		{EF955C18-02FC-409F-B51A-A05FAD822047}.Debug|Any CPU.Build.0 = Debug|Any CPU
		{EF955C18-02FC-409F-B51A-A05FAD822047}.Release|Any CPU.ActiveCfg = Release|Any CPU
		{EF955C18-02FC-409F-B51A-A05FAD822047}.Release|Any CPU.Build.0 = Release|Any CPU
	EndGlobalSection
	GlobalSection(SolutionProperties) = preSolution
		HideSolutionNode = FALSE
	EndGlobalSection
EndGlobal
